
Microsoft Visual Studio Solution File, Format Version 12.00
# Visual Studio Version 16
VisualStudioVersion = 16.0.28803.352
MinimumVisualStudioVersion = 10.0.40219.1
Project("{FAE04EC0-301F-11D3-BF4B-00C04F79EFBC}") = "Game Story Edit", "GameStoryEdit\Game Story Edit.csproj", "{5F7EF2B0-0394-4D9D-A6C7-3E33DE16C787}"
EndProject
Project("{6EC3EE1D-3C4E-46DD-8F32-0CC8E7565705}") = "FountainSharp.Parse.NetStandard", "FountainSharp.Parse.NetStandard\FountainSharp.Parse.NetStandard.fsproj", "{985A59B3-F86E-428D-9CA0-BEC9DD8F2DBF}"
EndProject
Project("{FAE04EC0-301F-11D3-BF4B-00C04F79EFBC}") = "UnitTestProject_FountainGame", "UnitTestProject_FountainGame\UnitTestProject_FountainGame.csproj", "{4067D7A2-20F0-4661-AD22-4C6187EF951B}"
EndProject
Global
	GlobalSection(SolutionConfigurationPlatforms) = preSolution
		All|Android = All|Android
		All|Any CPU = All|Any CPU
		All|iOS = All|iOS
		All|Net35 = All|Net35
		All|Net40 = All|Net40
		All|Windows-ARM = All|Windows-ARM
		All|Windows-x64 = All|Windows-x64
		All|Windows-x86 = All|Windows-x86
		All|WithNRefactory = All|WithNRefactory
		All|x86 = All|x86
		Debug|Android = Debug|Android
		Debug|Any CPU = Debug|Any CPU
		Debug|iOS = Debug|iOS
		Debug|Net35 = Debug|Net35
		Debug|Net40 = Debug|Net40
		Debug|Windows-ARM = Debug|Windows-ARM
		Debug|Windows-x64 = Debug|Windows-x64
		Debug|Windows-x86 = Debug|Windows-x86
		Debug|WithNRefactory = Debug|WithNRefactory
		Debug|x86 = Debug|x86
		Release|Android = Release|Android
		Release|Any CPU = Release|Any CPU
		Release|iOS = Release|iOS
		Release|Net35 = Release|Net35
		Release|Net40 = Release|Net40
		Release|Windows-ARM = Release|Windows-ARM
		Release|Windows-x64 = Release|Windows-x64
		Release|Windows-x86 = Release|Windows-x86
		Release|WithNRefactory = Release|WithNRefactory
		Release|x86 = Release|x86
	EndGlobalSection
	GlobalSection(ProjectConfigurationPlatforms) = postSolution
		{5F7EF2B0-0394-4D9D-A6C7-3E33DE16C787}.All|Android.ActiveCfg = Release|Any CPU
		{5F7EF2B0-0394-4D9D-A6C7-3E33DE16C787}.All|Android.Build.0 = Release|Any CPU
		{5F7EF2B0-0394-4D9D-A6C7-3E33DE16C787}.All|Any CPU.ActiveCfg = Release|Any CPU
		{5F7EF2B0-0394-4D9D-A6C7-3E33DE16C787}.All|Any CPU.Build.0 = Release|Any CPU
		{5F7EF2B0-0394-4D9D-A6C7-3E33DE16C787}.All|iOS.ActiveCfg = Release|Any CPU
		{5F7EF2B0-0394-4D9D-A6C7-3E33DE16C787}.All|iOS.Build.0 = Release|Any CPU
		{5F7EF2B0-0394-4D9D-A6C7-3E33DE16C787}.All|Net35.ActiveCfg = Release|Any CPU
		{5F7EF2B0-0394-4D9D-A6C7-3E33DE16C787}.All|Net35.Build.0 = Release|Any CPU
		{5F7EF2B0-0394-4D9D-A6C7-3E33DE16C787}.All|Net40.ActiveCfg = Release|Any CPU
		{5F7EF2B0-0394-4D9D-A6C7-3E33DE16C787}.All|Net40.Build.0 = Release|Any CPU
		{5F7EF2B0-0394-4D9D-A6C7-3E33DE16C787}.All|Windows-ARM.ActiveCfg = Release|Any CPU
		{5F7EF2B0-0394-4D9D-A6C7-3E33DE16C787}.All|Windows-ARM.Build.0 = Release|Any CPU
		{5F7EF2B0-0394-4D9D-A6C7-3E33DE16C787}.All|Windows-x64.ActiveCfg = Release|Any CPU
		{5F7EF2B0-0394-4D9D-A6C7-3E33DE16C787}.All|Windows-x64.Build.0 = Release|Any CPU
		{5F7EF2B0-0394-4D9D-A6C7-3E33DE16C787}.All|Windows-x86.ActiveCfg = Release|Any CPU
		{5F7EF2B0-0394-4D9D-A6C7-3E33DE16C787}.All|Windows-x86.Build.0 = Release|Any CPU
		{5F7EF2B0-0394-4D9D-A6C7-3E33DE16C787}.All|WithNRefactory.ActiveCfg = Release|Any CPU
		{5F7EF2B0-0394-4D9D-A6C7-3E33DE16C787}.All|WithNRefactory.Build.0 = Release|Any CPU
		{5F7EF2B0-0394-4D9D-A6C7-3E33DE16C787}.All|x86.ActiveCfg = Release|Any CPU
		{5F7EF2B0-0394-4D9D-A6C7-3E33DE16C787}.All|x86.Build.0 = Release|Any CPU
		{5F7EF2B0-0394-4D9D-A6C7-3E33DE16C787}.Debug|Android.ActiveCfg = Debug|Any CPU
		{5F7EF2B0-0394-4D9D-A6C7-3E33DE16C787}.Debug|Android.Build.0 = Debug|Any CPU
		{5F7EF2B0-0394-4D9D-A6C7-3E33DE16C787}.Debug|Any CPU.ActiveCfg = Debug|Any CPU
		{5F7EF2B0-0394-4D9D-A6C7-3E33DE16C787}.Debug|Any CPU.Build.0 = Debug|Any CPU
		{5F7EF2B0-0394-4D9D-A6C7-3E33DE16C787}.Debug|iOS.ActiveCfg = Debug|Any CPU
		{5F7EF2B0-0394-4D9D-A6C7-3E33DE16C787}.Debug|iOS.Build.0 = Debug|Any CPU
		{5F7EF2B0-0394-4D9D-A6C7-3E33DE16C787}.Debug|Net35.ActiveCfg = Debug|Any CPU
		{5F7EF2B0-0394-4D9D-A6C7-3E33DE16C787}.Debug|Net35.Build.0 = Debug|Any CPU
		{5F7EF2B0-0394-4D9D-A6C7-3E33DE16C787}.Debug|Net40.ActiveCfg = Debug|Any CPU
		{5F7EF2B0-0394-4D9D-A6C7-3E33DE16C787}.Debug|Net40.Build.0 = Debug|Any CPU
		{5F7EF2B0-0394-4D9D-A6C7-3E33DE16C787}.Debug|Windows-ARM.ActiveCfg = Debug|Any CPU
		{5F7EF2B0-0394-4D9D-A6C7-3E33DE16C787}.Debug|Windows-ARM.Build.0 = Debug|Any CPU
		{5F7EF2B0-0394-4D9D-A6C7-3E33DE16C787}.Debug|Windows-x64.ActiveCfg = Debug|Any CPU
		{5F7EF2B0-0394-4D9D-A6C7-3E33DE16C787}.Debug|Windows-x64.Build.0 = Debug|Any CPU
		{5F7EF2B0-0394-4D9D-A6C7-3E33DE16C787}.Debug|Windows-x86.ActiveCfg = Debug|Any CPU
		{5F7EF2B0-0394-4D9D-A6C7-3E33DE16C787}.Debug|Windows-x86.Build.0 = Debug|Any CPU
		{5F7EF2B0-0394-4D9D-A6C7-3E33DE16C787}.Debug|WithNRefactory.ActiveCfg = Debug|Any CPU
		{5F7EF2B0-0394-4D9D-A6C7-3E33DE16C787}.Debug|WithNRefactory.Build.0 = Debug|Any CPU
		{5F7EF2B0-0394-4D9D-A6C7-3E33DE16C787}.Debug|x86.ActiveCfg = Debug|Any CPU
		{5F7EF2B0-0394-4D9D-A6C7-3E33DE16C787}.Debug|x86.Build.0 = Debug|Any CPU
		{5F7EF2B0-0394-4D9D-A6C7-3E33DE16C787}.Release|Android.ActiveCfg = Release|Any CPU
		{5F7EF2B0-0394-4D9D-A6C7-3E33DE16C787}.Release|Android.Build.0 = Release|Any CPU
		{5F7EF2B0-0394-4D9D-A6C7-3E33DE16C787}.Release|Any CPU.ActiveCfg = Release|Any CPU
		{5F7EF2B0-0394-4D9D-A6C7-3E33DE16C787}.Release|Any CPU.Build.0 = Release|Any CPU
		{5F7EF2B0-0394-4D9D-A6C7-3E33DE16C787}.Release|iOS.ActiveCfg = Release|Any CPU
		{5F7EF2B0-0394-4D9D-A6C7-3E33DE16C787}.Release|iOS.Build.0 = Release|Any CPU
		{5F7EF2B0-0394-4D9D-A6C7-3E33DE16C787}.Release|Net35.ActiveCfg = Release|Any CPU
		{5F7EF2B0-0394-4D9D-A6C7-3E33DE16C787}.Release|Net35.Build.0 = Release|Any CPU
		{5F7EF2B0-0394-4D9D-A6C7-3E33DE16C787}.Release|Net40.ActiveCfg = Release|Any CPU
		{5F7EF2B0-0394-4D9D-A6C7-3E33DE16C787}.Release|Net40.Build.0 = Release|Any CPU
		{5F7EF2B0-0394-4D9D-A6C7-3E33DE16C787}.Release|Windows-ARM.ActiveCfg = Release|Any CPU
		{5F7EF2B0-0394-4D9D-A6C7-3E33DE16C787}.Release|Windows-ARM.Build.0 = Release|Any CPU
		{5F7EF2B0-0394-4D9D-A6C7-3E33DE16C787}.Release|Windows-x64.ActiveCfg = Release|Any CPU
		{5F7EF2B0-0394-4D9D-A6C7-3E33DE16C787}.Release|Windows-x64.Build.0 = Release|Any CPU
		{5F7EF2B0-0394-4D9D-A6C7-3E33DE16C787}.Release|Windows-x86.ActiveCfg = Release|Any CPU
		{5F7EF2B0-0394-4D9D-A6C7-3E33DE16C787}.Release|Windows-x86.Build.0 = Release|Any CPU
		{5F7EF2B0-0394-4D9D-A6C7-3E33DE16C787}.Release|WithNRefactory.ActiveCfg = Release|Any CPU
		{5F7EF2B0-0394-4D9D-A6C7-3E33DE16C787}.Release|WithNRefactory.Build.0 = Release|Any CPU
		{5F7EF2B0-0394-4D9D-A6C7-3E33DE16C787}.Release|x86.ActiveCfg = Release|Any CPU
		{5F7EF2B0-0394-4D9D-A6C7-3E33DE16C787}.Release|x86.Build.0 = Release|Any CPU
		{985A59B3-F86E-428D-9CA0-BEC9DD8F2DBF}.All|Android.ActiveCfg = Release|Any CPU
		{985A59B3-F86E-428D-9CA0-BEC9DD8F2DBF}.All|Android.Build.0 = Release|Any CPU
		{985A59B3-F86E-428D-9CA0-BEC9DD8F2DBF}.All|Any CPU.ActiveCfg = Release|Any CPU
		{985A59B3-F86E-428D-9CA0-BEC9DD8F2DBF}.All|Any CPU.Build.0 = Release|Any CPU
		{985A59B3-F86E-428D-9CA0-BEC9DD8F2DBF}.All|iOS.ActiveCfg = Release|Any CPU
		{985A59B3-F86E-428D-9CA0-BEC9DD8F2DBF}.All|iOS.Build.0 = Release|Any CPU
		{985A59B3-F86E-428D-9CA0-BEC9DD8F2DBF}.All|Net35.ActiveCfg = Release|Any CPU
		{985A59B3-F86E-428D-9CA0-BEC9DD8F2DBF}.All|Net35.Build.0 = Release|Any CPU
		{985A59B3-F86E-428D-9CA0-BEC9DD8F2DBF}.All|Net40.ActiveCfg = Release|Any CPU
		{985A59B3-F86E-428D-9CA0-BEC9DD8F2DBF}.All|Net40.Build.0 = Release|Any CPU
		{985A59B3-F86E-428D-9CA0-BEC9DD8F2DBF}.All|Windows-ARM.ActiveCfg = Release|Any CPU
		{985A59B3-F86E-428D-9CA0-BEC9DD8F2DBF}.All|Windows-ARM.Build.0 = Release|Any CPU
		{985A59B3-F86E-428D-9CA0-BEC9DD8F2DBF}.All|Windows-x64.ActiveCfg = Release|Any CPU
		{985A59B3-F86E-428D-9CA0-BEC9DD8F2DBF}.All|Windows-x64.Build.0 = Release|Any CPU
		{985A59B3-F86E-428D-9CA0-BEC9DD8F2DBF}.All|Windows-x86.ActiveCfg = Release|Any CPU
		{985A59B3-F86E-428D-9CA0-BEC9DD8F2DBF}.All|Windows-x86.Build.0 = Release|Any CPU
		{985A59B3-F86E-428D-9CA0-BEC9DD8F2DBF}.All|WithNRefactory.ActiveCfg = Release|Any CPU
		{985A59B3-F86E-428D-9CA0-BEC9DD8F2DBF}.All|WithNRefactory.Build.0 = Release|Any CPU
		{985A59B3-F86E-428D-9CA0-BEC9DD8F2DBF}.All|x86.ActiveCfg = Release|Any CPU
		{985A59B3-F86E-428D-9CA0-BEC9DD8F2DBF}.All|x86.Build.0 = Release|Any CPU
		{985A59B3-F86E-428D-9CA0-BEC9DD8F2DBF}.Debug|Android.ActiveCfg = Debug|Any CPU
		{985A59B3-F86E-428D-9CA0-BEC9DD8F2DBF}.Debug|Android.Build.0 = Debug|Any CPU
		{985A59B3-F86E-428D-9CA0-BEC9DD8F2DBF}.Debug|Any CPU.ActiveCfg = Debug|Any CPU
		{985A59B3-F86E-428D-9CA0-BEC9DD8F2DBF}.Debug|Any CPU.Build.0 = Debug|Any CPU
		{985A59B3-F86E-428D-9CA0-BEC9DD8F2DBF}.Debug|iOS.ActiveCfg = Debug|Any CPU
		{985A59B3-F86E-428D-9CA0-BEC9DD8F2DBF}.Debug|iOS.Build.0 = Debug|Any CPU
		{985A59B3-F86E-428D-9CA0-BEC9DD8F2DBF}.Debug|Net35.ActiveCfg = Debug|Any CPU
		{985A59B3-F86E-428D-9CA0-BEC9DD8F2DBF}.Debug|Net35.Build.0 = Debug|Any CPU
		{985A59B3-F86E-428D-9CA0-BEC9DD8F2DBF}.Debug|Net40.ActiveCfg = Debug|Any CPU
		{985A59B3-F86E-428D-9CA0-BEC9DD8F2DBF}.Debug|Net40.Build.0 = Debug|Any CPU
		{985A59B3-F86E-428D-9CA0-BEC9DD8F2DBF}.Debug|Windows-ARM.ActiveCfg = Debug|Any CPU
		{985A59B3-F86E-428D-9CA0-BEC9DD8F2DBF}.Debug|Windows-ARM.Build.0 = Debug|Any CPU
		{985A59B3-F86E-428D-9CA0-BEC9DD8F2DBF}.Debug|Windows-x64.ActiveCfg = Debug|Any CPU
		{985A59B3-F86E-428D-9CA0-BEC9DD8F2DBF}.Debug|Windows-x64.Build.0 = Debug|Any CPU
		{985A59B3-F86E-428D-9CA0-BEC9DD8F2DBF}.Debug|Windows-x86.ActiveCfg = Debug|Any CPU
		{985A59B3-F86E-428D-9CA0-BEC9DD8F2DBF}.Debug|Windows-x86.Build.0 = Debug|Any CPU
		{985A59B3-F86E-428D-9CA0-BEC9DD8F2DBF}.Debug|WithNRefactory.ActiveCfg = Debug|Any CPU
		{985A59B3-F86E-428D-9CA0-BEC9DD8F2DBF}.Debug|WithNRefactory.Build.0 = Debug|Any CPU
		{985A59B3-F86E-428D-9CA0-BEC9DD8F2DBF}.Debug|x86.ActiveCfg = Debug|Any CPU
		{985A59B3-F86E-428D-9CA0-BEC9DD8F2DBF}.Debug|x86.Build.0 = Debug|Any CPU
		{985A59B3-F86E-428D-9CA0-BEC9DD8F2DBF}.Release|Android.ActiveCfg = Release|Any CPU
		{985A59B3-F86E-428D-9CA0-BEC9DD8F2DBF}.Release|Android.Build.0 = Release|Any CPU
		{985A59B3-F86E-428D-9CA0-BEC9DD8F2DBF}.Release|Any CPU.ActiveCfg = Release|Any CPU
		{985A59B3-F86E-428D-9CA0-BEC9DD8F2DBF}.Release|Any CPU.Build.0 = Release|Any CPU
		{985A59B3-F86E-428D-9CA0-BEC9DD8F2DBF}.Release|iOS.ActiveCfg = Release|Any CPU
		{985A59B3-F86E-428D-9CA0-BEC9DD8F2DBF}.Release|iOS.Build.0 = Release|Any CPU
		{985A59B3-F86E-428D-9CA0-BEC9DD8F2DBF}.Release|Net35.ActiveCfg = Release|Any CPU
		{985A59B3-F86E-428D-9CA0-BEC9DD8F2DBF}.Release|Net35.Build.0 = Release|Any CPU
		{985A59B3-F86E-428D-9CA0-BEC9DD8F2DBF}.Release|Net40.ActiveCfg = Release|Any CPU
		{985A59B3-F86E-428D-9CA0-BEC9DD8F2DBF}.Release|Net40.Build.0 = Release|Any CPU
		{985A59B3-F86E-428D-9CA0-BEC9DD8F2DBF}.Release|Windows-ARM.ActiveCfg = Release|Any CPU
		{985A59B3-F86E-428D-9CA0-BEC9DD8F2DBF}.Release|Windows-ARM.Build.0 = Release|Any CPU
		{985A59B3-F86E-428D-9CA0-BEC9DD8F2DBF}.Release|Windows-x64.ActiveCfg = Release|Any CPU
		{985A59B3-F86E-428D-9CA0-BEC9DD8F2DBF}.Release|Windows-x64.Build.0 = Release|Any CPU
		{985A59B3-F86E-428D-9CA0-BEC9DD8F2DBF}.Release|Windows-x86.ActiveCfg = Release|Any CPU
		{985A59B3-F86E-428D-9CA0-BEC9DD8F2DBF}.Release|Windows-x86.Build.0 = Release|Any CPU
		{985A59B3-F86E-428D-9CA0-BEC9DD8F2DBF}.Release|WithNRefactory.ActiveCfg = Release|Any CPU
		{985A59B3-F86E-428D-9CA0-BEC9DD8F2DBF}.Release|WithNRefactory.Build.0 = Release|Any CPU
		{985A59B3-F86E-428D-9CA0-BEC9DD8F2DBF}.Release|x86.ActiveCfg = Release|Any CPU
		{985A59B3-F86E-428D-9CA0-BEC9DD8F2DBF}.Release|x86.Build.0 = Release|Any CPU
		{4067D7A2-20F0-4661-AD22-4C6187EF951B}.All|Android.ActiveCfg = Release|Any CPU
		{4067D7A2-20F0-4661-AD22-4C6187EF951B}.All|Android.Build.0 = Release|Any CPU
		{4067D7A2-20F0-4661-AD22-4C6187EF951B}.All|Any CPU.ActiveCfg = Release|Any CPU
		{4067D7A2-20F0-4661-AD22-4C6187EF951B}.All|Any CPU.Build.0 = Release|Any CPU
		{4067D7A2-20F0-4661-AD22-4C6187EF951B}.All|iOS.ActiveCfg = Release|Any CPU
		{4067D7A2-20F0-4661-AD22-4C6187EF951B}.All|iOS.Build.0 = Release|Any CPU
		{4067D7A2-20F0-4661-AD22-4C6187EF951B}.All|Net35.ActiveCfg = Release|Any CPU
		{4067D7A2-20F0-4661-AD22-4C6187EF951B}.All|Net35.Build.0 = Release|Any CPU
		{4067D7A2-20F0-4661-AD22-4C6187EF951B}.All|Net40.ActiveCfg = Release|Any CPU
		{4067D7A2-20F0-4661-AD22-4C6187EF951B}.All|Net40.Build.0 = Release|Any CPU
		{4067D7A2-20F0-4661-AD22-4C6187EF951B}.All|Windows-ARM.ActiveCfg = Release|Any CPU
		{4067D7A2-20F0-4661-AD22-4C6187EF951B}.All|Windows-ARM.Build.0 = Release|Any CPU
		{4067D7A2-20F0-4661-AD22-4C6187EF951B}.All|Windows-x64.ActiveCfg = Release|Any CPU
		{4067D7A2-20F0-4661-AD22-4C6187EF951B}.All|Windows-x64.Build.0 = Release|Any CPU
		{4067D7A2-20F0-4661-AD22-4C6187EF951B}.All|Windows-x86.ActiveCfg = Release|Any CPU
		{4067D7A2-20F0-4661-AD22-4C6187EF951B}.All|Windows-x86.Build.0 = Release|Any CPU
		{4067D7A2-20F0-4661-AD22-4C6187EF951B}.All|WithNRefactory.ActiveCfg = Release|Any CPU
		{4067D7A2-20F0-4661-AD22-4C6187EF951B}.All|WithNRefactory.Build.0 = Release|Any CPU
		{4067D7A2-20F0-4661-AD22-4C6187EF951B}.All|x86.ActiveCfg = Release|Any CPU
		{4067D7A2-20F0-4661-AD22-4C6187EF951B}.All|x86.Build.0 = Release|Any CPU
		{4067D7A2-20F0-4661-AD22-4C6187EF951B}.Debug|Android.ActiveCfg = Debug|Any CPU
		{4067D7A2-20F0-4661-AD22-4C6187EF951B}.Debug|Android.Build.0 = Debug|Any CPU
		{4067D7A2-20F0-4661-AD22-4C6187EF951B}.Debug|Any CPU.ActiveCfg = Debug|Any CPU
		{4067D7A2-20F0-4661-AD22-4C6187EF951B}.Debug|Any CPU.Build.0 = Debug|Any CPU
		{4067D7A2-20F0-4661-AD22-4C6187EF951B}.Debug|iOS.ActiveCfg = Debug|Any CPU
		{4067D7A2-20F0-4661-AD22-4C6187EF951B}.Debug|iOS.Build.0 = Debug|Any CPU
		{4067D7A2-20F0-4661-AD22-4C6187EF951B}.Debug|Net35.ActiveCfg = Debug|Any CPU
		{4067D7A2-20F0-4661-AD22-4C6187EF951B}.Debug|Net35.Build.0 = Debug|Any CPU
		{4067D7A2-20F0-4661-AD22-4C6187EF951B}.Debug|Net40.ActiveCfg = Debug|Any CPU
		{4067D7A2-20F0-4661-AD22-4C6187EF951B}.Debug|Net40.Build.0 = Debug|Any CPU
		{4067D7A2-20F0-4661-AD22-4C6187EF951B}.Debug|Windows-ARM.ActiveCfg = Debug|Any CPU
		{4067D7A2-20F0-4661-AD22-4C6187EF951B}.Debug|Windows-ARM.Build.0 = Debug|Any CPU
		{4067D7A2-20F0-4661-AD22-4C6187EF951B}.Debug|Windows-x64.ActiveCfg = Debug|Any CPU
		{4067D7A2-20F0-4661-AD22-4C6187EF951B}.Debug|Windows-x64.Build.0 = Debug|Any CPU
		{4067D7A2-20F0-4661-AD22-4C6187EF951B}.Debug|Windows-x86.ActiveCfg = Debug|Any CPU
		{4067D7A2-20F0-4661-AD22-4C6187EF951B}.Debug|Windows-x86.Build.0 = Debug|Any CPU
		{4067D7A2-20F0-4661-AD22-4C6187EF951B}.Debug|WithNRefactory.ActiveCfg = Debug|Any CPU
		{4067D7A2-20F0-4661-AD22-4C6187EF951B}.Debug|WithNRefactory.Build.0 = Debug|Any CPU
		{4067D7A2-20F0-4661-AD22-4C6187EF951B}.Debug|x86.ActiveCfg = Debug|Any CPU
		{4067D7A2-20F0-4661-AD22-4C6187EF951B}.Debug|x86.Build.0 = Debug|Any CPU
		{4067D7A2-20F0-4661-AD22-4C6187EF951B}.Release|Android.ActiveCfg = Release|Any CPU
		{4067D7A2-20F0-4661-AD22-4C6187EF951B}.Release|Android.Build.0 = Release|Any CPU
		{4067D7A2-20F0-4661-AD22-4C6187EF951B}.Release|Any CPU.ActiveCfg = Release|Any CPU
		{4067D7A2-20F0-4661-AD22-4C6187EF951B}.Release|Any CPU.Build.0 = Release|Any CPU
		{4067D7A2-20F0-4661-AD22-4C6187EF951B}.Release|iOS.ActiveCfg = Release|Any CPU
		{4067D7A2-20F0-4661-AD22-4C6187EF951B}.Release|iOS.Build.0 = Release|Any CPU
		{4067D7A2-20F0-4661-AD22-4C6187EF951B}.Release|Net35.ActiveCfg = Release|Any CPU
		{4067D7A2-20F0-4661-AD22-4C6187EF951B}.Release|Net35.Build.0 = Release|Any CPU
		{4067D7A2-20F0-4661-AD22-4C6187EF951B}.Release|Net40.ActiveCfg = Release|Any CPU
		{4067D7A2-20F0-4661-AD22-4C6187EF951B}.Release|Net40.Build.0 = Release|Any CPU
		{4067D7A2-20F0-4661-AD22-4C6187EF951B}.Release|Windows-ARM.ActiveCfg = Release|Any CPU
		{4067D7A2-20F0-4661-AD22-4C6187EF951B}.Release|Windows-ARM.Build.0 = Release|Any CPU
		{4067D7A2-20F0-4661-AD22-4C6187EF951B}.Release|Windows-x64.ActiveCfg = Release|Any CPU
		{4067D7A2-20F0-4661-AD22-4C6187EF951B}.Release|Windows-x64.Build.0 = Release|Any CPU
		{4067D7A2-20F0-4661-AD22-4C6187EF951B}.Release|Windows-x86.ActiveCfg = Release|Any CPU
		{4067D7A2-20F0-4661-AD22-4C6187EF951B}.Release|Windows-x86.Build.0 = Release|Any CPU
		{4067D7A2-20F0-4661-AD22-4C6187EF951B}.Release|WithNRefactory.ActiveCfg = Release|Any CPU
		{4067D7A2-20F0-4661-AD22-4C6187EF951B}.Release|WithNRefactory.Build.0 = Release|Any CPU
		{4067D7A2-20F0-4661-AD22-4C6187EF951B}.Release|x86.ActiveCfg = Release|Any CPU
		{4067D7A2-20F0-4661-AD22-4C6187EF951B}.Release|x86.Build.0 = Release|Any CPU
	EndGlobalSection
	GlobalSection(SolutionProperties) = preSolution
		HideSolutionNode = FALSE
	EndGlobalSection
	GlobalSection(ExtensibilityGlobals) = postSolution
		SolutionGuid = {4E4B188F-9A11-4B50-BADC-BD7EAC645E85}
	EndGlobalSection
EndGlobal
