
Microsoft Visual Studio Solution File, Format Version 12.00
# Visual Studio Version 16
VisualStudioVersion = 16.0.28803.352
MinimumVisualStudioVersion = 10.0.40219.1
Project("{FAE04EC0-301F-11D3-BF4B-00C04F79EFBC}") = "Game Story Edit", "GameStoryEdit\Game Story Edit.csproj", "{5F7EF2B0-0394-4D9D-A6C7-3E33DE16C787}"
EndProject
Project("{6EC3EE1D-3C4E-46DD-8F32-0CC8E7565705}") = "FountainSharp.Parse.NetStandard", "FountainSharp.Parse.NetStandard\FountainSharp.Parse.NetStandard.fsproj", "{868E53A6-A845-4C59-AE23-69ED266890D1}"
EndProject
Project("{FAE04EC0-301F-11D3-BF4B-00C04F79EFBC}") = "Xceed.Wpf.AvalonDock", "wpftoolkit-master\ExtendedWPFToolkitSolution\Src\Xceed.Wpf.AvalonDock\Xceed.Wpf.AvalonDock.csproj", "{DB81988F-E0F2-45A0-A1FD-8C37F3D35244}"
EndProject
Project("{FAE04EC0-301F-11D3-BF4B-00C04F79EFBC}") = "Xceed.Wpf.Toolkit", "wpftoolkit-master\ExtendedWPFToolkitSolution\Src\Xceed.Wpf.Toolkit\Xceed.Wpf.Toolkit.csproj", "{72E591D6-8F83-4D8C-8F67-9C325E623234}"
EndProject
Project("{FAE04EC0-301F-11D3-BF4B-00C04F79EFBC}") = "Xceed.Wpf.AvalonDock.Themes.VS2010", "wpftoolkit-master\ExtendedWPFToolkitSolution\Src\Xceed.Wpf.AvalonDock.Themes.VS2010\Xceed.Wpf.AvalonDock.Themes.VS2010.csproj", "{B3FC3E21-5F2D-4581-AEA2-59F671CFFC21}"
EndProject
Project("{FAE04EC0-301F-11D3-BF4B-00C04F79EFBC}") = "Xceed.Wpf.AvalonDock.Themes.Metro", "wpftoolkit-master\ExtendedWPFToolkitSolution\Src\Xceed.Wpf.AvalonDock.Themes.Metro\Xceed.Wpf.AvalonDock.Themes.Metro.csproj", "{89286EB4-B4A1-418C-839A-067B00F442D8}"
EndProject
Project("{FAE04EC0-301F-11D3-BF4B-00C04F79EFBC}") = "Xceed.Wpf.AvalonDock.Themes.Aero", "wpftoolkit-master\ExtendedWPFToolkitSolution\Src\Xceed.Wpf.AvalonDock.Themes.Aero\Xceed.Wpf.AvalonDock.Themes.Aero.csproj", "{BA72CCE0-A9FB-4995-B496-7FEC5C87B85B}"
EndProject
Global
	GlobalSection(SolutionConfigurationPlatforms) = preSolution
		Debug|Android = Debug|Android
		Debug|Any CPU = Debug|Any CPU
		Debug|iOS = Debug|iOS
		Debug|Net35 = Debug|Net35
		Debug|Net40 = Debug|Net40
		Debug|Windows-ARM = Debug|Windows-ARM
		Debug|Windows-x64 = Debug|Windows-x64
		Debug|Windows-x86 = Debug|Windows-x86
		Debug|WithNRefactory = Debug|WithNRefactory
		Debug|x86 = Debug|x86
		Release|Android = Release|Android
		Release|Any CPU = Release|Any CPU
		Release|iOS = Release|iOS
		Release|Net35 = Release|Net35
		Release|Net40 = Release|Net40
		Release|Windows-ARM = Release|Windows-ARM
		Release|Windows-x64 = Release|Windows-x64
		Release|Windows-x86 = Release|Windows-x86
		Release|WithNRefactory = Release|WithNRefactory
		Release|x86 = Release|x86
	EndGlobalSection
	GlobalSection(ProjectConfigurationPlatforms) = postSolution
		{5F7EF2B0-0394-4D9D-A6C7-3E33DE16C787}.Debug|Android.ActiveCfg = Debug|Any CPU
		{5F7EF2B0-0394-4D9D-A6C7-3E33DE16C787}.Debug|Android.Build.0 = Debug|Any CPU
		{5F7EF2B0-0394-4D9D-A6C7-3E33DE16C787}.Debug|Any CPU.ActiveCfg = Debug|Any CPU
		{5F7EF2B0-0394-4D9D-A6C7-3E33DE16C787}.Debug|Any CPU.Build.0 = Debug|Any CPU
		{5F7EF2B0-0394-4D9D-A6C7-3E33DE16C787}.Debug|iOS.ActiveCfg = Debug|Any CPU
		{5F7EF2B0-0394-4D9D-A6C7-3E33DE16C787}.Debug|iOS.Build.0 = Debug|Any CPU
		{5F7EF2B0-0394-4D9D-A6C7-3E33DE16C787}.Debug|Net35.ActiveCfg = Debug|Any CPU
		{5F7EF2B0-0394-4D9D-A6C7-3E33DE16C787}.Debug|Net35.Build.0 = Debug|Any CPU
		{5F7EF2B0-0394-4D9D-A6C7-3E33DE16C787}.Debug|Net40.ActiveCfg = Debug|Any CPU
		{5F7EF2B0-0394-4D9D-A6C7-3E33DE16C787}.Debug|Net40.Build.0 = Debug|Any CPU
		{5F7EF2B0-0394-4D9D-A6C7-3E33DE16C787}.Debug|Windows-ARM.ActiveCfg = Debug|Any CPU
		{5F7EF2B0-0394-4D9D-A6C7-3E33DE16C787}.Debug|Windows-ARM.Build.0 = Debug|Any CPU
		{5F7EF2B0-0394-4D9D-A6C7-3E33DE16C787}.Debug|Windows-x64.ActiveCfg = Debug|Any CPU
		{5F7EF2B0-0394-4D9D-A6C7-3E33DE16C787}.Debug|Windows-x64.Build.0 = Debug|Any CPU
		{5F7EF2B0-0394-4D9D-A6C7-3E33DE16C787}.Debug|Windows-x86.ActiveCfg = Debug|Any CPU
		{5F7EF2B0-0394-4D9D-A6C7-3E33DE16C787}.Debug|Windows-x86.Build.0 = Debug|Any CPU
		{5F7EF2B0-0394-4D9D-A6C7-3E33DE16C787}.Debug|WithNRefactory.ActiveCfg = Debug|Any CPU
		{5F7EF2B0-0394-4D9D-A6C7-3E33DE16C787}.Debug|WithNRefactory.Build.0 = Debug|Any CPU
		{5F7EF2B0-0394-4D9D-A6C7-3E33DE16C787}.Debug|x86.ActiveCfg = Debug|Any CPU
		{5F7EF2B0-0394-4D9D-A6C7-3E33DE16C787}.Debug|x86.Build.0 = Debug|Any CPU
		{5F7EF2B0-0394-4D9D-A6C7-3E33DE16C787}.Release|Android.ActiveCfg = Release|Any CPU
		{5F7EF2B0-0394-4D9D-A6C7-3E33DE16C787}.Release|Android.Build.0 = Release|Any CPU
		{5F7EF2B0-0394-4D9D-A6C7-3E33DE16C787}.Release|Any CPU.ActiveCfg = Release|Any CPU
		{5F7EF2B0-0394-4D9D-A6C7-3E33DE16C787}.Release|Any CPU.Build.0 = Release|Any CPU
		{5F7EF2B0-0394-4D9D-A6C7-3E33DE16C787}.Release|iOS.ActiveCfg = Release|Any CPU
		{5F7EF2B0-0394-4D9D-A6C7-3E33DE16C787}.Release|iOS.Build.0 = Release|Any CPU
		{5F7EF2B0-0394-4D9D-A6C7-3E33DE16C787}.Release|Net35.ActiveCfg = Release|Any CPU
		{5F7EF2B0-0394-4D9D-A6C7-3E33DE16C787}.Release|Net35.Build.0 = Release|Any CPU
		{5F7EF2B0-0394-4D9D-A6C7-3E33DE16C787}.Release|Net40.ActiveCfg = Release|Any CPU
		{5F7EF2B0-0394-4D9D-A6C7-3E33DE16C787}.Release|Net40.Build.0 = Release|Any CPU
		{5F7EF2B0-0394-4D9D-A6C7-3E33DE16C787}.Release|Windows-ARM.ActiveCfg = Release|Any CPU
		{5F7EF2B0-0394-4D9D-A6C7-3E33DE16C787}.Release|Windows-ARM.Build.0 = Release|Any CPU
		{5F7EF2B0-0394-4D9D-A6C7-3E33DE16C787}.Release|Windows-x64.ActiveCfg = Release|Any CPU
		{5F7EF2B0-0394-4D9D-A6C7-3E33DE16C787}.Release|Windows-x64.Build.0 = Release|Any CPU
		{5F7EF2B0-0394-4D9D-A6C7-3E33DE16C787}.Release|Windows-x86.ActiveCfg = Release|Any CPU
		{5F7EF2B0-0394-4D9D-A6C7-3E33DE16C787}.Release|Windows-x86.Build.0 = Release|Any CPU
		{5F7EF2B0-0394-4D9D-A6C7-3E33DE16C787}.Release|WithNRefactory.ActiveCfg = Release|Any CPU
		{5F7EF2B0-0394-4D9D-A6C7-3E33DE16C787}.Release|WithNRefactory.Build.0 = Release|Any CPU
		{5F7EF2B0-0394-4D9D-A6C7-3E33DE16C787}.Release|x86.ActiveCfg = Release|Any CPU
		{5F7EF2B0-0394-4D9D-A6C7-3E33DE16C787}.Release|x86.Build.0 = Release|Any CPU
		{868E53A6-A845-4C59-AE23-69ED266890D1}.Debug|Android.ActiveCfg = Debug|Any CPU
		{868E53A6-A845-4C59-AE23-69ED266890D1}.Debug|Android.Build.0 = Debug|Any CPU
		{868E53A6-A845-4C59-AE23-69ED266890D1}.Debug|Any CPU.ActiveCfg = Debug|Any CPU
		{868E53A6-A845-4C59-AE23-69ED266890D1}.Debug|Any CPU.Build.0 = Debug|Any CPU
		{868E53A6-A845-4C59-AE23-69ED266890D1}.Debug|iOS.ActiveCfg = Debug|Any CPU
		{868E53A6-A845-4C59-AE23-69ED266890D1}.Debug|iOS.Build.0 = Debug|Any CPU
		{868E53A6-A845-4C59-AE23-69ED266890D1}.Debug|Net35.ActiveCfg = Debug|Any CPU
		{868E53A6-A845-4C59-AE23-69ED266890D1}.Debug|Net35.Build.0 = Debug|Any CPU
		{868E53A6-A845-4C59-AE23-69ED266890D1}.Debug|Net40.ActiveCfg = Debug|Any CPU
		{868E53A6-A845-4C59-AE23-69ED266890D1}.Debug|Net40.Build.0 = Debug|Any CPU
		{868E53A6-A845-4C59-AE23-69ED266890D1}.Debug|Windows-ARM.ActiveCfg = Debug|Any CPU
		{868E53A6-A845-4C59-AE23-69ED266890D1}.Debug|Windows-ARM.Build.0 = Debug|Any CPU
		{868E53A6-A845-4C59-AE23-69ED266890D1}.Debug|Windows-x64.ActiveCfg = Debug|Any CPU
		{868E53A6-A845-4C59-AE23-69ED266890D1}.Debug|Windows-x64.Build.0 = Debug|Any CPU
		{868E53A6-A845-4C59-AE23-69ED266890D1}.Debug|Windows-x86.ActiveCfg = Debug|Any CPU
		{868E53A6-A845-4C59-AE23-69ED266890D1}.Debug|Windows-x86.Build.0 = Debug|Any CPU
		{868E53A6-A845-4C59-AE23-69ED266890D1}.Debug|WithNRefactory.ActiveCfg = Debug|Any CPU
		{868E53A6-A845-4C59-AE23-69ED266890D1}.Debug|WithNRefactory.Build.0 = Debug|Any CPU
		{868E53A6-A845-4C59-AE23-69ED266890D1}.Debug|x86.ActiveCfg = Debug|Any CPU
		{868E53A6-A845-4C59-AE23-69ED266890D1}.Debug|x86.Build.0 = Debug|Any CPU
		{868E53A6-A845-4C59-AE23-69ED266890D1}.Release|Android.ActiveCfg = Release|Any CPU
		{868E53A6-A845-4C59-AE23-69ED266890D1}.Release|Android.Build.0 = Release|Any CPU
		{868E53A6-A845-4C59-AE23-69ED266890D1}.Release|Any CPU.ActiveCfg = Release|Any CPU
		{868E53A6-A845-4C59-AE23-69ED266890D1}.Release|Any CPU.Build.0 = Release|Any CPU
		{868E53A6-A845-4C59-AE23-69ED266890D1}.Release|iOS.ActiveCfg = Release|Any CPU
		{868E53A6-A845-4C59-AE23-69ED266890D1}.Release|iOS.Build.0 = Release|Any CPU
		{868E53A6-A845-4C59-AE23-69ED266890D1}.Release|Net35.ActiveCfg = Release|Any CPU
		{868E53A6-A845-4C59-AE23-69ED266890D1}.Release|Net35.Build.0 = Release|Any CPU
		{868E53A6-A845-4C59-AE23-69ED266890D1}.Release|Net40.ActiveCfg = Release|Any CPU
		{868E53A6-A845-4C59-AE23-69ED266890D1}.Release|Net40.Build.0 = Release|Any CPU
		{868E53A6-A845-4C59-AE23-69ED266890D1}.Release|Windows-ARM.ActiveCfg = Release|Any CPU
		{868E53A6-A845-4C59-AE23-69ED266890D1}.Release|Windows-ARM.Build.0 = Release|Any CPU
		{868E53A6-A845-4C59-AE23-69ED266890D1}.Release|Windows-x64.ActiveCfg = Release|Any CPU
		{868E53A6-A845-4C59-AE23-69ED266890D1}.Release|Windows-x64.Build.0 = Release|Any CPU
		{868E53A6-A845-4C59-AE23-69ED266890D1}.Release|Windows-x86.ActiveCfg = Release|Any CPU
		{868E53A6-A845-4C59-AE23-69ED266890D1}.Release|Windows-x86.Build.0 = Release|Any CPU
		{868E53A6-A845-4C59-AE23-69ED266890D1}.Release|WithNRefactory.ActiveCfg = Release|Any CPU
		{868E53A6-A845-4C59-AE23-69ED266890D1}.Release|WithNRefactory.Build.0 = Release|Any CPU
		{868E53A6-A845-4C59-AE23-69ED266890D1}.Release|x86.ActiveCfg = Release|Any CPU
		{868E53A6-A845-4C59-AE23-69ED266890D1}.Release|x86.Build.0 = Release|Any CPU
		{DB81988F-E0F2-45A0-A1FD-8C37F3D35244}.Debug|Android.ActiveCfg = Debug|Any CPU
		{DB81988F-E0F2-45A0-A1FD-8C37F3D35244}.Debug|Android.Build.0 = Debug|Any CPU
		{DB81988F-E0F2-45A0-A1FD-8C37F3D35244}.Debug|Any CPU.ActiveCfg = Debug|Any CPU
		{DB81988F-E0F2-45A0-A1FD-8C37F3D35244}.Debug|Any CPU.Build.0 = Debug|Any CPU
		{DB81988F-E0F2-45A0-A1FD-8C37F3D35244}.Debug|iOS.ActiveCfg = Debug|Any CPU
		{DB81988F-E0F2-45A0-A1FD-8C37F3D35244}.Debug|iOS.Build.0 = Debug|Any CPU
		{DB81988F-E0F2-45A0-A1FD-8C37F3D35244}.Debug|Net35.ActiveCfg = Debug|Any CPU
		{DB81988F-E0F2-45A0-A1FD-8C37F3D35244}.Debug|Net35.Build.0 = Debug|Any CPU
		{DB81988F-E0F2-45A0-A1FD-8C37F3D35244}.Debug|Net40.ActiveCfg = Debug|Any CPU
		{DB81988F-E0F2-45A0-A1FD-8C37F3D35244}.Debug|Net40.Build.0 = Debug|Any CPU
		{DB81988F-E0F2-45A0-A1FD-8C37F3D35244}.Debug|Windows-ARM.ActiveCfg = Debug|Any CPU
		{DB81988F-E0F2-45A0-A1FD-8C37F3D35244}.Debug|Windows-ARM.Build.0 = Debug|Any CPU
		{DB81988F-E0F2-45A0-A1FD-8C37F3D35244}.Debug|Windows-x64.ActiveCfg = Debug|Any CPU
		{DB81988F-E0F2-45A0-A1FD-8C37F3D35244}.Debug|Windows-x64.Build.0 = Debug|Any CPU
		{DB81988F-E0F2-45A0-A1FD-8C37F3D35244}.Debug|Windows-x86.ActiveCfg = Debug|Any CPU
		{DB81988F-E0F2-45A0-A1FD-8C37F3D35244}.Debug|Windows-x86.Build.0 = Debug|Any CPU
		{DB81988F-E0F2-45A0-A1FD-8C37F3D35244}.Debug|WithNRefactory.ActiveCfg = Debug|Any CPU
		{DB81988F-E0F2-45A0-A1FD-8C37F3D35244}.Debug|WithNRefactory.Build.0 = Debug|Any CPU
		{DB81988F-E0F2-45A0-A1FD-8C37F3D35244}.Debug|x86.ActiveCfg = Debug|Any CPU
		{DB81988F-E0F2-45A0-A1FD-8C37F3D35244}.Debug|x86.Build.0 = Debug|Any CPU
		{DB81988F-E0F2-45A0-A1FD-8C37F3D35244}.Release|Android.ActiveCfg = Release|Any CPU
		{DB81988F-E0F2-45A0-A1FD-8C37F3D35244}.Release|Android.Build.0 = Release|Any CPU
		{DB81988F-E0F2-45A0-A1FD-8C37F3D35244}.Release|Any CPU.ActiveCfg = Release|Any CPU
		{DB81988F-E0F2-45A0-A1FD-8C37F3D35244}.Release|Any CPU.Build.0 = Release|Any CPU
		{DB81988F-E0F2-45A0-A1FD-8C37F3D35244}.Release|iOS.ActiveCfg = Release|Any CPU
		{DB81988F-E0F2-45A0-A1FD-8C37F3D35244}.Release|iOS.Build.0 = Release|Any CPU
		{DB81988F-E0F2-45A0-A1FD-8C37F3D35244}.Release|Net35.ActiveCfg = Release|Any CPU
		{DB81988F-E0F2-45A0-A1FD-8C37F3D35244}.Release|Net35.Build.0 = Release|Any CPU
		{DB81988F-E0F2-45A0-A1FD-8C37F3D35244}.Release|Net40.ActiveCfg = Release|Any CPU
		{DB81988F-E0F2-45A0-A1FD-8C37F3D35244}.Release|Net40.Build.0 = Release|Any CPU
		{DB81988F-E0F2-45A0-A1FD-8C37F3D35244}.Release|Windows-ARM.ActiveCfg = Release|Any CPU
		{DB81988F-E0F2-45A0-A1FD-8C37F3D35244}.Release|Windows-ARM.Build.0 = Release|Any CPU
		{DB81988F-E0F2-45A0-A1FD-8C37F3D35244}.Release|Windows-x64.ActiveCfg = Release|Any CPU
		{DB81988F-E0F2-45A0-A1FD-8C37F3D35244}.Release|Windows-x64.Build.0 = Release|Any CPU
		{DB81988F-E0F2-45A0-A1FD-8C37F3D35244}.Release|Windows-x86.ActiveCfg = Release|Any CPU
		{DB81988F-E0F2-45A0-A1FD-8C37F3D35244}.Release|Windows-x86.Build.0 = Release|Any CPU
		{DB81988F-E0F2-45A0-A1FD-8C37F3D35244}.Release|WithNRefactory.ActiveCfg = Release|Any CPU
		{DB81988F-E0F2-45A0-A1FD-8C37F3D35244}.Release|WithNRefactory.Build.0 = Release|Any CPU
		{DB81988F-E0F2-45A0-A1FD-8C37F3D35244}.Release|x86.ActiveCfg = Release|Any CPU
		{DB81988F-E0F2-45A0-A1FD-8C37F3D35244}.Release|x86.Build.0 = Release|Any CPU
		{72E591D6-8F83-4D8C-8F67-9C325E623234}.Debug|Android.ActiveCfg = Debug|Any CPU
		{72E591D6-8F83-4D8C-8F67-9C325E623234}.Debug|Android.Build.0 = Debug|Any CPU
		{72E591D6-8F83-4D8C-8F67-9C325E623234}.Debug|Any CPU.ActiveCfg = Debug|Any CPU
		{72E591D6-8F83-4D8C-8F67-9C325E623234}.Debug|Any CPU.Build.0 = Debug|Any CPU
		{72E591D6-8F83-4D8C-8F67-9C325E623234}.Debug|iOS.ActiveCfg = Debug|Any CPU
		{72E591D6-8F83-4D8C-8F67-9C325E623234}.Debug|iOS.Build.0 = Debug|Any CPU
		{72E591D6-8F83-4D8C-8F67-9C325E623234}.Debug|Net35.ActiveCfg = Debug|Any CPU
		{72E591D6-8F83-4D8C-8F67-9C325E623234}.Debug|Net35.Build.0 = Debug|Any CPU
		{72E591D6-8F83-4D8C-8F67-9C325E623234}.Debug|Net40.ActiveCfg = Debug|Any CPU
		{72E591D6-8F83-4D8C-8F67-9C325E623234}.Debug|Net40.Build.0 = Debug|Any CPU
		{72E591D6-8F83-4D8C-8F67-9C325E623234}.Debug|Windows-ARM.ActiveCfg = Debug|Any CPU
		{72E591D6-8F83-4D8C-8F67-9C325E623234}.Debug|Windows-ARM.Build.0 = Debug|Any CPU
		{72E591D6-8F83-4D8C-8F67-9C325E623234}.Debug|Windows-x64.ActiveCfg = Debug|Any CPU
		{72E591D6-8F83-4D8C-8F67-9C325E623234}.Debug|Windows-x64.Build.0 = Debug|Any CPU
		{72E591D6-8F83-4D8C-8F67-9C325E623234}.Debug|Windows-x86.ActiveCfg = Debug|Any CPU
		{72E591D6-8F83-4D8C-8F67-9C325E623234}.Debug|Windows-x86.Build.0 = Debug|Any CPU
		{72E591D6-8F83-4D8C-8F67-9C325E623234}.Debug|WithNRefactory.ActiveCfg = Debug|Any CPU
		{72E591D6-8F83-4D8C-8F67-9C325E623234}.Debug|WithNRefactory.Build.0 = Debug|Any CPU
		{72E591D6-8F83-4D8C-8F67-9C325E623234}.Debug|x86.ActiveCfg = Debug|Any CPU
		{72E591D6-8F83-4D8C-8F67-9C325E623234}.Debug|x86.Build.0 = Debug|Any CPU
		{72E591D6-8F83-4D8C-8F67-9C325E623234}.Release|Android.ActiveCfg = Release|Any CPU
		{72E591D6-8F83-4D8C-8F67-9C325E623234}.Release|Android.Build.0 = Release|Any CPU
		{72E591D6-8F83-4D8C-8F67-9C325E623234}.Release|Any CPU.ActiveCfg = Release|Any CPU
		{72E591D6-8F83-4D8C-8F67-9C325E623234}.Release|Any CPU.Build.0 = Release|Any CPU
		{72E591D6-8F83-4D8C-8F67-9C325E623234}.Release|iOS.ActiveCfg = Release|Any CPU
		{72E591D6-8F83-4D8C-8F67-9C325E623234}.Release|iOS.Build.0 = Release|Any CPU
		{72E591D6-8F83-4D8C-8F67-9C325E623234}.Release|Net35.ActiveCfg = Release|Any CPU
		{72E591D6-8F83-4D8C-8F67-9C325E623234}.Release|Net35.Build.0 = Release|Any CPU
		{72E591D6-8F83-4D8C-8F67-9C325E623234}.Release|Net40.ActiveCfg = Release|Any CPU
		{72E591D6-8F83-4D8C-8F67-9C325E623234}.Release|Net40.Build.0 = Release|Any CPU
		{72E591D6-8F83-4D8C-8F67-9C325E623234}.Release|Windows-ARM.ActiveCfg = Release|Any CPU
		{72E591D6-8F83-4D8C-8F67-9C325E623234}.Release|Windows-ARM.Build.0 = Release|Any CPU
		{72E591D6-8F83-4D8C-8F67-9C325E623234}.Release|Windows-x64.ActiveCfg = Release|Any CPU
		{72E591D6-8F83-4D8C-8F67-9C325E623234}.Release|Windows-x64.Build.0 = Release|Any CPU
		{72E591D6-8F83-4D8C-8F67-9C325E623234}.Release|Windows-x86.ActiveCfg = Release|Any CPU
		{72E591D6-8F83-4D8C-8F67-9C325E623234}.Release|Windows-x86.Build.0 = Release|Any CPU
		{72E591D6-8F83-4D8C-8F67-9C325E623234}.Release|WithNRefactory.ActiveCfg = Release|Any CPU
		{72E591D6-8F83-4D8C-8F67-9C325E623234}.Release|WithNRefactory.Build.0 = Release|Any CPU
		{72E591D6-8F83-4D8C-8F67-9C325E623234}.Release|x86.ActiveCfg = Release|Any CPU
		{72E591D6-8F83-4D8C-8F67-9C325E623234}.Release|x86.Build.0 = Release|Any CPU
		{B3FC3E21-5F2D-4581-AEA2-59F671CFFC21}.Debug|Android.ActiveCfg = Debug|Any CPU
		{B3FC3E21-5F2D-4581-AEA2-59F671CFFC21}.Debug|Android.Build.0 = Debug|Any CPU
		{B3FC3E21-5F2D-4581-AEA2-59F671CFFC21}.Debug|Any CPU.ActiveCfg = Debug|Any CPU
		{B3FC3E21-5F2D-4581-AEA2-59F671CFFC21}.Debug|Any CPU.Build.0 = Debug|Any CPU
		{B3FC3E21-5F2D-4581-AEA2-59F671CFFC21}.Debug|iOS.ActiveCfg = Debug|Any CPU
		{B3FC3E21-5F2D-4581-AEA2-59F671CFFC21}.Debug|iOS.Build.0 = Debug|Any CPU
		{B3FC3E21-5F2D-4581-AEA2-59F671CFFC21}.Debug|Net35.ActiveCfg = Debug|Any CPU
		{B3FC3E21-5F2D-4581-AEA2-59F671CFFC21}.Debug|Net35.Build.0 = Debug|Any CPU
		{B3FC3E21-5F2D-4581-AEA2-59F671CFFC21}.Debug|Net40.ActiveCfg = Debug|Any CPU
		{B3FC3E21-5F2D-4581-AEA2-59F671CFFC21}.Debug|Net40.Build.0 = Debug|Any CPU
		{B3FC3E21-5F2D-4581-AEA2-59F671CFFC21}.Debug|Windows-ARM.ActiveCfg = Debug|Any CPU
		{B3FC3E21-5F2D-4581-AEA2-59F671CFFC21}.Debug|Windows-ARM.Build.0 = Debug|Any CPU
		{B3FC3E21-5F2D-4581-AEA2-59F671CFFC21}.Debug|Windows-x64.ActiveCfg = Debug|Any CPU
		{B3FC3E21-5F2D-4581-AEA2-59F671CFFC21}.Debug|Windows-x64.Build.0 = Debug|Any CPU
		{B3FC3E21-5F2D-4581-AEA2-59F671CFFC21}.Debug|Windows-x86.ActiveCfg = Debug|Any CPU
		{B3FC3E21-5F2D-4581-AEA2-59F671CFFC21}.Debug|Windows-x86.Build.0 = Debug|Any CPU
		{B3FC3E21-5F2D-4581-AEA2-59F671CFFC21}.Debug|WithNRefactory.ActiveCfg = Debug|Any CPU
		{B3FC3E21-5F2D-4581-AEA2-59F671CFFC21}.Debug|WithNRefactory.Build.0 = Debug|Any CPU
		{B3FC3E21-5F2D-4581-AEA2-59F671CFFC21}.Debug|x86.ActiveCfg = Debug|Any CPU
		{B3FC3E21-5F2D-4581-AEA2-59F671CFFC21}.Debug|x86.Build.0 = Debug|Any CPU
		{B3FC3E21-5F2D-4581-AEA2-59F671CFFC21}.Release|Android.ActiveCfg = Release|Any CPU
		{B3FC3E21-5F2D-4581-AEA2-59F671CFFC21}.Release|Android.Build.0 = Release|Any CPU
		{B3FC3E21-5F2D-4581-AEA2-59F671CFFC21}.Release|Any CPU.ActiveCfg = Release|Any CPU
		{B3FC3E21-5F2D-4581-AEA2-59F671CFFC21}.Release|Any CPU.Build.0 = Release|Any CPU
		{B3FC3E21-5F2D-4581-AEA2-59F671CFFC21}.Release|iOS.ActiveCfg = Release|Any CPU
		{B3FC3E21-5F2D-4581-AEA2-59F671CFFC21}.Release|iOS.Build.0 = Release|Any CPU
		{B3FC3E21-5F2D-4581-AEA2-59F671CFFC21}.Release|Net35.ActiveCfg = Release|Any CPU
		{B3FC3E21-5F2D-4581-AEA2-59F671CFFC21}.Release|Net35.Build.0 = Release|Any CPU
		{B3FC3E21-5F2D-4581-AEA2-59F671CFFC21}.Release|Net40.ActiveCfg = Release|Any CPU
		{B3FC3E21-5F2D-4581-AEA2-59F671CFFC21}.Release|Net40.Build.0 = Release|Any CPU
		{B3FC3E21-5F2D-4581-AEA2-59F671CFFC21}.Release|Windows-ARM.ActiveCfg = Release|Any CPU
		{B3FC3E21-5F2D-4581-AEA2-59F671CFFC21}.Release|Windows-ARM.Build.0 = Release|Any CPU
		{B3FC3E21-5F2D-4581-AEA2-59F671CFFC21}.Release|Windows-x64.ActiveCfg = Release|Any CPU
		{B3FC3E21-5F2D-4581-AEA2-59F671CFFC21}.Release|Windows-x64.Build.0 = Release|Any CPU
		{B3FC3E21-5F2D-4581-AEA2-59F671CFFC21}.Release|Windows-x86.ActiveCfg = Release|Any CPU
		{B3FC3E21-5F2D-4581-AEA2-59F671CFFC21}.Release|Windows-x86.Build.0 = Release|Any CPU
		{B3FC3E21-5F2D-4581-AEA2-59F671CFFC21}.Release|WithNRefactory.ActiveCfg = Release|Any CPU
		{B3FC3E21-5F2D-4581-AEA2-59F671CFFC21}.Release|WithNRefactory.Build.0 = Release|Any CPU
		{B3FC3E21-5F2D-4581-AEA2-59F671CFFC21}.Release|x86.ActiveCfg = Release|Any CPU
		{B3FC3E21-5F2D-4581-AEA2-59F671CFFC21}.Release|x86.Build.0 = Release|Any CPU
		{89286EB4-B4A1-418C-839A-067B00F442D8}.Debug|Android.ActiveCfg = Debug|Any CPU
		{89286EB4-B4A1-418C-839A-067B00F442D8}.Debug|Android.Build.0 = Debug|Any CPU
		{89286EB4-B4A1-418C-839A-067B00F442D8}.Debug|Any CPU.ActiveCfg = Debug|Any CPU
		{89286EB4-B4A1-418C-839A-067B00F442D8}.Debug|Any CPU.Build.0 = Debug|Any CPU
		{89286EB4-B4A1-418C-839A-067B00F442D8}.Debug|iOS.ActiveCfg = Debug|Any CPU
		{89286EB4-B4A1-418C-839A-067B00F442D8}.Debug|iOS.Build.0 = Debug|Any CPU
		{89286EB4-B4A1-418C-839A-067B00F442D8}.Debug|Net35.ActiveCfg = Debug|Any CPU
		{89286EB4-B4A1-418C-839A-067B00F442D8}.Debug|Net35.Build.0 = Debug|Any CPU
		{89286EB4-B4A1-418C-839A-067B00F442D8}.Debug|Net40.ActiveCfg = Debug|Any CPU
		{89286EB4-B4A1-418C-839A-067B00F442D8}.Debug|Net40.Build.0 = Debug|Any CPU
		{89286EB4-B4A1-418C-839A-067B00F442D8}.Debug|Windows-ARM.ActiveCfg = Debug|Any CPU
		{89286EB4-B4A1-418C-839A-067B00F442D8}.Debug|Windows-ARM.Build.0 = Debug|Any CPU
		{89286EB4-B4A1-418C-839A-067B00F442D8}.Debug|Windows-x64.ActiveCfg = Debug|Any CPU
		{89286EB4-B4A1-418C-839A-067B00F442D8}.Debug|Windows-x64.Build.0 = Debug|Any CPU
		{89286EB4-B4A1-418C-839A-067B00F442D8}.Debug|Windows-x86.ActiveCfg = Debug|Any CPU
		{89286EB4-B4A1-418C-839A-067B00F442D8}.Debug|Windows-x86.Build.0 = Debug|Any CPU
		{89286EB4-B4A1-418C-839A-067B00F442D8}.Debug|WithNRefactory.ActiveCfg = Debug|Any CPU
		{89286EB4-B4A1-418C-839A-067B00F442D8}.Debug|WithNRefactory.Build.0 = Debug|Any CPU
		{89286EB4-B4A1-418C-839A-067B00F442D8}.Debug|x86.ActiveCfg = Debug|Any CPU
		{89286EB4-B4A1-418C-839A-067B00F442D8}.Debug|x86.Build.0 = Debug|Any CPU
		{89286EB4-B4A1-418C-839A-067B00F442D8}.Release|Android.ActiveCfg = Release|Any CPU
		{89286EB4-B4A1-418C-839A-067B00F442D8}.Release|Android.Build.0 = Release|Any CPU
		{89286EB4-B4A1-418C-839A-067B00F442D8}.Release|Any CPU.ActiveCfg = Release|Any CPU
		{89286EB4-B4A1-418C-839A-067B00F442D8}.Release|Any CPU.Build.0 = Release|Any CPU
		{89286EB4-B4A1-418C-839A-067B00F442D8}.Release|iOS.ActiveCfg = Release|Any CPU
		{89286EB4-B4A1-418C-839A-067B00F442D8}.Release|iOS.Build.0 = Release|Any CPU
		{89286EB4-B4A1-418C-839A-067B00F442D8}.Release|Net35.ActiveCfg = Release|Any CPU
		{89286EB4-B4A1-418C-839A-067B00F442D8}.Release|Net35.Build.0 = Release|Any CPU
		{89286EB4-B4A1-418C-839A-067B00F442D8}.Release|Net40.ActiveCfg = Release|Any CPU
		{89286EB4-B4A1-418C-839A-067B00F442D8}.Release|Net40.Build.0 = Release|Any CPU
		{89286EB4-B4A1-418C-839A-067B00F442D8}.Release|Windows-ARM.ActiveCfg = Release|Any CPU
		{89286EB4-B4A1-418C-839A-067B00F442D8}.Release|Windows-ARM.Build.0 = Release|Any CPU
		{89286EB4-B4A1-418C-839A-067B00F442D8}.Release|Windows-x64.ActiveCfg = Release|Any CPU
		{89286EB4-B4A1-418C-839A-067B00F442D8}.Release|Windows-x64.Build.0 = Release|Any CPU
		{89286EB4-B4A1-418C-839A-067B00F442D8}.Release|Windows-x86.ActiveCfg = Release|Any CPU
		{89286EB4-B4A1-418C-839A-067B00F442D8}.Release|Windows-x86.Build.0 = Release|Any CPU
		{89286EB4-B4A1-418C-839A-067B00F442D8}.Release|WithNRefactory.ActiveCfg = Release|Any CPU
		{89286EB4-B4A1-418C-839A-067B00F442D8}.Release|WithNRefactory.Build.0 = Release|Any CPU
		{89286EB4-B4A1-418C-839A-067B00F442D8}.Release|x86.ActiveCfg = Release|Any CPU
		{89286EB4-B4A1-418C-839A-067B00F442D8}.Release|x86.Build.0 = Release|Any CPU
		{BA72CCE0-A9FB-4995-B496-7FEC5C87B85B}.Debug|Android.ActiveCfg = Debug|Any CPU
		{BA72CCE0-A9FB-4995-B496-7FEC5C87B85B}.Debug|Android.Build.0 = Debug|Any CPU
		{BA72CCE0-A9FB-4995-B496-7FEC5C87B85B}.Debug|Any CPU.ActiveCfg = Debug|Any CPU
		{BA72CCE0-A9FB-4995-B496-7FEC5C87B85B}.Debug|Any CPU.Build.0 = Debug|Any CPU
		{BA72CCE0-A9FB-4995-B496-7FEC5C87B85B}.Debug|iOS.ActiveCfg = Debug|Any CPU
		{BA72CCE0-A9FB-4995-B496-7FEC5C87B85B}.Debug|iOS.Build.0 = Debug|Any CPU
		{BA72CCE0-A9FB-4995-B496-7FEC5C87B85B}.Debug|Net35.ActiveCfg = Debug|Any CPU
		{BA72CCE0-A9FB-4995-B496-7FEC5C87B85B}.Debug|Net35.Build.0 = Debug|Any CPU
		{BA72CCE0-A9FB-4995-B496-7FEC5C87B85B}.Debug|Net40.ActiveCfg = Debug|Any CPU
		{BA72CCE0-A9FB-4995-B496-7FEC5C87B85B}.Debug|Net40.Build.0 = Debug|Any CPU
		{BA72CCE0-A9FB-4995-B496-7FEC5C87B85B}.Debug|Windows-ARM.ActiveCfg = Debug|Any CPU
		{BA72CCE0-A9FB-4995-B496-7FEC5C87B85B}.Debug|Windows-ARM.Build.0 = Debug|Any CPU
		{BA72CCE0-A9FB-4995-B496-7FEC5C87B85B}.Debug|Windows-x64.ActiveCfg = Debug|Any CPU
		{BA72CCE0-A9FB-4995-B496-7FEC5C87B85B}.Debug|Windows-x64.Build.0 = Debug|Any CPU
		{BA72CCE0-A9FB-4995-B496-7FEC5C87B85B}.Debug|Windows-x86.ActiveCfg = Debug|Any CPU
		{BA72CCE0-A9FB-4995-B496-7FEC5C87B85B}.Debug|Windows-x86.Build.0 = Debug|Any CPU
		{BA72CCE0-A9FB-4995-B496-7FEC5C87B85B}.Debug|WithNRefactory.ActiveCfg = Debug|Any CPU
		{BA72CCE0-A9FB-4995-B496-7FEC5C87B85B}.Debug|WithNRefactory.Build.0 = Debug|Any CPU
		{BA72CCE0-A9FB-4995-B496-7FEC5C87B85B}.Debug|x86.ActiveCfg = Debug|Any CPU
		{BA72CCE0-A9FB-4995-B496-7FEC5C87B85B}.Debug|x86.Build.0 = Debug|Any CPU
		{BA72CCE0-A9FB-4995-B496-7FEC5C87B85B}.Release|Android.ActiveCfg = Release|Any CPU
		{BA72CCE0-A9FB-4995-B496-7FEC5C87B85B}.Release|Android.Build.0 = Release|Any CPU
		{BA72CCE0-A9FB-4995-B496-7FEC5C87B85B}.Release|Any CPU.ActiveCfg = Release|Any CPU
		{BA72CCE0-A9FB-4995-B496-7FEC5C87B85B}.Release|Any CPU.Build.0 = Release|Any CPU
		{BA72CCE0-A9FB-4995-B496-7FEC5C87B85B}.Release|iOS.ActiveCfg = Release|Any CPU
		{BA72CCE0-A9FB-4995-B496-7FEC5C87B85B}.Release|iOS.Build.0 = Release|Any CPU
		{BA72CCE0-A9FB-4995-B496-7FEC5C87B85B}.Release|Net35.ActiveCfg = Release|Any CPU
		{BA72CCE0-A9FB-4995-B496-7FEC5C87B85B}.Release|Net35.Build.0 = Release|Any CPU
		{BA72CCE0-A9FB-4995-B496-7FEC5C87B85B}.Release|Net40.ActiveCfg = Release|Any CPU
		{BA72CCE0-A9FB-4995-B496-7FEC5C87B85B}.Release|Net40.Build.0 = Release|Any CPU
		{BA72CCE0-A9FB-4995-B496-7FEC5C87B85B}.Release|Windows-ARM.ActiveCfg = Release|Any CPU
		{BA72CCE0-A9FB-4995-B496-7FEC5C87B85B}.Release|Windows-ARM.Build.0 = Release|Any CPU
		{BA72CCE0-A9FB-4995-B496-7FEC5C87B85B}.Release|Windows-x64.ActiveCfg = Release|Any CPU
		{BA72CCE0-A9FB-4995-B496-7FEC5C87B85B}.Release|Windows-x64.Build.0 = Release|Any CPU
		{BA72CCE0-A9FB-4995-B496-7FEC5C87B85B}.Release|Windows-x86.ActiveCfg = Release|Any CPU
		{BA72CCE0-A9FB-4995-B496-7FEC5C87B85B}.Release|Windows-x86.Build.0 = Release|Any CPU
		{BA72CCE0-A9FB-4995-B496-7FEC5C87B85B}.Release|WithNRefactory.ActiveCfg = Release|Any CPU
		{BA72CCE0-A9FB-4995-B496-7FEC5C87B85B}.Release|WithNRefactory.Build.0 = Release|Any CPU
		{BA72CCE0-A9FB-4995-B496-7FEC5C87B85B}.Release|x86.ActiveCfg = Release|Any CPU
		{BA72CCE0-A9FB-4995-B496-7FEC5C87B85B}.Release|x86.Build.0 = Release|Any CPU
	EndGlobalSection
	GlobalSection(SolutionProperties) = preSolution
		HideSolutionNode = FALSE
	EndGlobalSection
	GlobalSection(ExtensibilityGlobals) = postSolution
		SolutionGuid = {4E4B188F-9A11-4B50-BADC-BD7EAC645E85}
	EndGlobalSection
EndGlobal
